// !$*UTF8*$!
{
	archiveVersion = 1;
	classes = {
	};
	objectVersion = 50;
	objects = {

/* Begin PBXBuildFile section */
		D0ED4AEF26E68FF8006257EA /* AppDelegate.swift in Sources */ = {isa = PBXBuildFile; fileRef = D0ED4AEE26E68FF8006257EA /* AppDelegate.swift */; };
		D0ED4AF126E68FF8006257EA /* SceneDelegate.swift in Sources */ = {isa = PBXBuildFile; fileRef = D0ED4AF026E68FF8006257EA /* SceneDelegate.swift */; };
		D0ED4AF326E68FF8006257EA /* ViewController.swift in Sources */ = {isa = PBXBuildFile; fileRef = D0ED4AF226E68FF8006257EA /* ViewController.swift */; };
		D0ED4AF626E68FF8006257EA /* Main.storyboard in Resources */ = {isa = PBXBuildFile; fileRef = D0ED4AF426E68FF8006257EA /* Main.storyboard */; };
		D0ED4AF826E68FFB006257EA /* Assets.xcassets in Resources */ = {isa = PBXBuildFile; fileRef = D0ED4AF726E68FFB006257EA /* Assets.xcassets */; };
		D0ED4AFB26E68FFB006257EA /* LaunchScreen.storyboard in Resources */ = {isa = PBXBuildFile; fileRef = D0ED4AF926E68FFB006257EA /* LaunchScreen.storyboard */; };
		D0ED4B0326E6AD29006257EA /* RootTableViewController.swift in Sources */ = {isa = PBXBuildFile; fileRef = D0ED4B0226E6AD29006257EA /* RootTableViewController.swift */; };
		D0ED4B1726E6B124006257EA /* ImageModel.m in Sources */ = {isa = PBXBuildFile; fileRef = D0ED4B1626E6B124006257EA /* ImageModel.m */; };
		D0ED4B1926E6BD9C006257EA /* CollectionViewController.swift in Sources */ = {isa = PBXBuildFile; fileRef = D0ED4B1826E6BD9C006257EA /* CollectionViewController.swift */; };
		D0ED4B1D26E6C162006257EA /* ScrollViewController.swift in Sources */ = {isa = PBXBuildFile; fileRef = D0ED4B1C26E6C162006257EA /* ScrollViewController.swift */; };
		D0ED4B1F26E6C273006257EA /* ImageTableViewController.swift in Sources */ = {isa = PBXBuildFile; fileRef = D0ED4B1E26E6C273006257EA /* ImageTableViewController.swift */; };
		D0ED4B2326E6DD95006257EA /* CollectionViewCell.swift in Sources */ = {isa = PBXBuildFile; fileRef = D0ED4B2226E6DD95006257EA /* CollectionViewCell.swift */; };
/* End PBXBuildFile section */

/* Begin PBXFileReference section */
		D0ED4AEB26E68FF8006257EA /* SinkOrSwim.app */ = {isa = PBXFileReference; explicitFileType = wrapper.application; includeInIndex = 0; path = SinkOrSwim.app; sourceTree = BUILT_PRODUCTS_DIR; };
		D0ED4AEE26E68FF8006257EA /* AppDelegate.swift */ = {isa = PBXFileReference; lastKnownFileType = sourcecode.swift; path = AppDelegate.swift; sourceTree = "<group>"; };
		D0ED4AF026E68FF8006257EA /* SceneDelegate.swift */ = {isa = PBXFileReference; lastKnownFileType = sourcecode.swift; path = SceneDelegate.swift; sourceTree = "<group>"; };
		D0ED4AF226E68FF8006257EA /* ViewController.swift */ = {isa = PBXFileReference; lastKnownFileType = sourcecode.swift; path = ViewController.swift; sourceTree = "<group>"; };
		D0ED4AF526E68FF8006257EA /* Base */ = {isa = PBXFileReference; lastKnownFileType = file.storyboard; name = Base; path = Base.lproj/Main.storyboard; sourceTree = "<group>"; };
		D0ED4AF726E68FFB006257EA /* Assets.xcassets */ = {isa = PBXFileReference; lastKnownFileType = folder.assetcatalog; path = Assets.xcassets; sourceTree = "<group>"; };
		D0ED4AFA26E68FFB006257EA /* Base */ = {isa = PBXFileReference; lastKnownFileType = file.storyboard; name = Base; path = Base.lproj/LaunchScreen.storyboard; sourceTree = "<group>"; };
		D0ED4AFC26E68FFB006257EA /* Info.plist */ = {isa = PBXFileReference; lastKnownFileType = text.plist.xml; path = Info.plist; sourceTree = "<group>"; };
		D0ED4B0226E6AD29006257EA /* RootTableViewController.swift */ = {isa = PBXFileReference; lastKnownFileType = sourcecode.swift; path = RootTableViewController.swift; sourceTree = "<group>"; };
		D0ED4B1126E6B015006257EA /* SinkOrSwim-Bridging-Header.h */ = {isa = PBXFileReference; lastKnownFileType = sourcecode.c.h; path = "SinkOrSwim-Bridging-Header.h"; sourceTree = "<group>"; };
		D0ED4B1526E6B0E5006257EA /* ImageModel.h */ = {isa = PBXFileReference; lastKnownFileType = sourcecode.c.h; path = ImageModel.h; sourceTree = "<group>"; };
		D0ED4B1626E6B124006257EA /* ImageModel.m */ = {isa = PBXFileReference; lastKnownFileType = sourcecode.c.objc; path = ImageModel.m; sourceTree = "<group>"; };
		D0ED4B1826E6BD9C006257EA /* CollectionViewController.swift */ = {isa = PBXFileReference; lastKnownFileType = sourcecode.swift; path = CollectionViewController.swift; sourceTree = "<group>"; };
		D0ED4B1C26E6C162006257EA /* ScrollViewController.swift */ = {isa = PBXFileReference; lastKnownFileType = sourcecode.swift; path = ScrollViewController.swift; sourceTree = "<group>"; };
		D0ED4B1E26E6C273006257EA /* ImageTableViewController.swift */ = {isa = PBXFileReference; lastKnownFileType = sourcecode.swift; path = ImageTableViewController.swift; sourceTree = "<group>"; };
		D0ED4B2226E6DD95006257EA /* CollectionViewCell.swift */ = {isa = PBXFileReference; lastKnownFileType = sourcecode.swift; path = CollectionViewCell.swift; sourceTree = "<group>"; };
/* End PBXFileReference section */

/* Begin PBXFrameworksBuildPhase section */
		D0ED4AE826E68FF8006257EA /* Frameworks */ = {
			isa = PBXFrameworksBuildPhase;
			buildActionMask = 2147483647;
			files = (
			);
			runOnlyForDeploymentPostprocessing = 0;
		};
/* End PBXFrameworksBuildPhase section */

/* Begin PBXGroup section */
		D0ED4AE226E68FF8006257EA = {
			isa = PBXGroup;
			children = (
				D0ED4AED26E68FF8006257EA /* SinkOrSwim */,
				D0ED4AEC26E68FF8006257EA /* Products */,
			);
			sourceTree = "<group>";
		};
		D0ED4AEC26E68FF8006257EA /* Products */ = {
			isa = PBXGroup;
			children = (
				D0ED4AEB26E68FF8006257EA /* SinkOrSwim.app */,
			);
			name = Products;
			sourceTree = "<group>";
		};
		D0ED4AED26E68FF8006257EA /* SinkOrSwim */ = {
			isa = PBXGroup;
			children = (
				D0ED4AEE26E68FF8006257EA /* AppDelegate.swift */,
				D0ED4AF026E68FF8006257EA /* SceneDelegate.swift */,
				D0ED4AF226E68FF8006257EA /* ViewController.swift */,
				D0ED4AF426E68FF8006257EA /* Main.storyboard */,
				D0ED4B2226E6DD95006257EA /* CollectionViewCell.swift */,
				D0ED4B1E26E6C273006257EA /* ImageTableViewController.swift */,
				D0ED4B1C26E6C162006257EA /* ScrollViewController.swift */,
				D0ED4B1826E6BD9C006257EA /* CollectionViewController.swift */,
				D0ED4B0226E6AD29006257EA /* RootTableViewController.swift */,
				D0ED4AF726E68FFB006257EA /* Assets.xcassets */,
				D0ED4AF926E68FFB006257EA /* LaunchScreen.storyboard */,
				D0ED4AFC26E68FFB006257EA /* Info.plist */,
				D0ED4B1126E6B015006257EA /* SinkOrSwim-Bridging-Header.h */,
				D0ED4B1526E6B0E5006257EA /* ImageModel.h */,
				D0ED4B1626E6B124006257EA /* ImageModel.m */,
			);
			path = SinkOrSwim;
			sourceTree = "<group>";
		};
/* End PBXGroup section */

/* Begin PBXNativeTarget section */
		D0ED4AEA26E68FF8006257EA /* SinkOrSwim */ = {
			isa = PBXNativeTarget;
			buildConfigurationList = D0ED4AFF26E68FFB006257EA /* Build configuration list for PBXNativeTarget "SinkOrSwim" */;
			buildPhases = (
				D0ED4AE726E68FF8006257EA /* Sources */,
				D0ED4AE826E68FF8006257EA /* Frameworks */,
				D0ED4AE926E68FF8006257EA /* Resources */,
			);
			buildRules = (
			);
			dependencies = (
			);
			name = SinkOrSwim;
			productName = SinkOrSwim;
			productReference = D0ED4AEB26E68FF8006257EA /* SinkOrSwim.app */;
			productType = "com.apple.product-type.application";
		};
/* End PBXNativeTarget section */

/* Begin PBXProject section */
		D0ED4AE326E68FF8006257EA /* Project object */ = {
			isa = PBXProject;
			attributes = {
				LastSwiftUpdateCheck = 1250;
				LastUpgradeCheck = 1250;
				TargetAttributes = {
					D0ED4AEA26E68FF8006257EA = {
						CreatedOnToolsVersion = 12.5.1;
						LastSwiftMigration = 1250;
					};
				};
			};
			buildConfigurationList = D0ED4AE626E68FF8006257EA /* Build configuration list for PBXProject "SinkOrSwim" */;
			compatibilityVersion = "Xcode 9.3";
			developmentRegion = en;
			hasScannedForEncodings = 0;
			knownRegions = (
				en,
				Base,
			);
			mainGroup = D0ED4AE226E68FF8006257EA;
			productRefGroup = D0ED4AEC26E68FF8006257EA /* Products */;
			projectDirPath = "";
			projectRoot = "";
			targets = (
				D0ED4AEA26E68FF8006257EA /* SinkOrSwim */,
			);
		};
/* End PBXProject section */

/* Begin PBXResourcesBuildPhase section */
		D0ED4AE926E68FF8006257EA /* Resources */ = {
			isa = PBXResourcesBuildPhase;
			buildActionMask = 2147483647;
			files = (
				D0ED4AFB26E68FFB006257EA /* LaunchScreen.storyboard in Resources */,
				D0ED4AF826E68FFB006257EA /* Assets.xcassets in Resources */,
				D0ED4AF626E68FF8006257EA /* Main.storyboard in Resources */,
			);
			runOnlyForDeploymentPostprocessing = 0;
		};
/* End PBXResourcesBuildPhase section */

/* Begin PBXSourcesBuildPhase section */
		D0ED4AE726E68FF8006257EA /* Sources */ = {
			isa = PBXSourcesBuildPhase;
			buildActionMask = 2147483647;
			files = (
				D0ED4B1926E6BD9C006257EA /* CollectionViewController.swift in Sources */,
				D0ED4B1F26E6C273006257EA /* ImageTableViewController.swift in Sources */,
				D0ED4B2326E6DD95006257EA /* CollectionViewCell.swift in Sources */,
				D0ED4B1726E6B124006257EA /* ImageModel.m in Sources */,
				D0ED4AF326E68FF8006257EA /* ViewController.swift in Sources */,
				D0ED4B1D26E6C162006257EA /* ScrollViewController.swift in Sources */,
				D0ED4AEF26E68FF8006257EA /* AppDelegate.swift in Sources */,
				D0ED4AF126E68FF8006257EA /* SceneDelegate.swift in Sources */,
				D0ED4B0326E6AD29006257EA /* RootTableViewController.swift in Sources */,
			);
			runOnlyForDeploymentPostprocessing = 0;
		};
/* End PBXSourcesBuildPhase section */

/* Begin PBXVariantGroup section */
		D0ED4AF426E68FF8006257EA /* Main.storyboard */ = {
			isa = PBXVariantGroup;
			children = (
				D0ED4AF526E68FF8006257EA /* Base */,
			);
			name = Main.storyboard;
			sourceTree = "<group>";
		};
		D0ED4AF926E68FFB006257EA /* LaunchScreen.storyboard */ = {
			isa = PBXVariantGroup;
			children = (
				D0ED4AFA26E68FFB006257EA /* Base */,
			);
			name = LaunchScreen.storyboard;
			sourceTree = "<group>";
		};
/* End PBXVariantGroup section */

/* Begin XCBuildConfiguration section */
		D0ED4AFD26E68FFB006257EA /* Debug */ = {
			isa = XCBuildConfiguration;
			buildSettings = {
				ALWAYS_SEARCH_USER_PATHS = NO;
				CLANG_ANALYZER_NONNULL = YES;
				CLANG_ANALYZER_NUMBER_OBJECT_CONVERSION = YES_AGGRESSIVE;
				CLANG_CXX_LANGUAGE_STANDARD = "gnu++14";
				CLANG_CXX_LIBRARY = "libc++";
				CLANG_ENABLE_MODULES = YES;
				CLANG_ENABLE_OBJC_ARC = YES;
				CLANG_ENABLE_OBJC_WEAK = YES;
				CLANG_WARN_BLOCK_CAPTURE_AUTORELEASING = YES;
				CLANG_WARN_BOOL_CONVERSION = YES;
				CLANG_WARN_COMMA = YES;
				CLANG_WARN_CONSTANT_CONVERSION = YES;
				CLANG_WARN_DEPRECATED_OBJC_IMPLEMENTATIONS = YES;
				CLANG_WARN_DIRECT_OBJC_ISA_USAGE = YES_ERROR;
				CLANG_WARN_DOCUMENTATION_COMMENTS = YES;
				CLANG_WARN_EMPTY_BODY = YES;
				CLANG_WARN_ENUM_CONVERSION = YES;
				CLANG_WARN_INFINITE_RECURSION = YES;
				CLANG_WARN_INT_CONVERSION = YES;
				CLANG_WARN_NON_LITERAL_NULL_CONVERSION = YES;
				CLANG_WARN_OBJC_IMPLICIT_RETAIN_SELF = YES;
				CLANG_WARN_OBJC_LITERAL_CONVERSION = YES;
				CLANG_WARN_OBJC_ROOT_CLASS = YES_ERROR;
				CLANG_WARN_QUOTED_INCLUDE_IN_FRAMEWORK_HEADER = YES;
				CLANG_WARN_RANGE_LOOP_ANALYSIS = YES;
				CLANG_WARN_STRICT_PROTOTYPES = YES;
				CLANG_WARN_SUSPICIOUS_MOVE = YES;
				CLANG_WARN_UNGUARDED_AVAILABILITY = YES_AGGRESSIVE;
				CLANG_WARN_UNREACHABLE_CODE = YES;
				CLANG_WARN__DUPLICATE_METHOD_MATCH = YES;
				COPY_PHASE_STRIP = NO;
				DEBUG_INFORMATION_FORMAT = dwarf;
				ENABLE_STRICT_OBJC_MSGSEND = YES;
				ENABLE_TESTABILITY = YES;
				GCC_C_LANGUAGE_STANDARD = gnu11;
				GCC_DYNAMIC_NO_PIC = NO;
				GCC_NO_COMMON_BLOCKS = YES;
				GCC_OPTIMIZATION_LEVEL = 0;
				GCC_PREPROCESSOR_DEFINITIONS = (
					"DEBUG=1",
					"$(inherited)",
				);
				GCC_WARN_64_TO_32_BIT_CONVERSION = YES;
				GCC_WARN_ABOUT_RETURN_TYPE = YES_ERROR;
				GCC_WARN_UNDECLARED_SELECTOR = YES;
				GCC_WARN_UNINITIALIZED_AUTOS = YES_AGGRESSIVE;
				GCC_WARN_UNUSED_FUNCTION = YES;
				GCC_WARN_UNUSED_VARIABLE = YES;
				IPHONEOS_DEPLOYMENT_TARGET = 14.5;
				MTL_ENABLE_DEBUG_INFO = INCLUDE_SOURCE;
				MTL_FAST_MATH = YES;
				ONLY_ACTIVE_ARCH = YES;
				SDKROOT = iphoneos;
				SWIFT_ACTIVE_COMPILATION_CONDITIONS = DEBUG;
				SWIFT_OPTIMIZATION_LEVEL = "-Onone";
			};
			name = Debug;
		};
		D0ED4AFE26E68FFB006257EA /* Release */ = {
			isa = XCBuildConfiguration;
			buildSettings = {
				ALWAYS_SEARCH_USER_PATHS = NO;
				CLANG_ANALYZER_NONNULL = YES;
				CLANG_ANALYZER_NUMBER_OBJECT_CONVERSION = YES_AGGRESSIVE;
				CLANG_CXX_LANGUAGE_STANDARD = "gnu++14";
				CLANG_CXX_LIBRARY = "libc++";
				CLANG_ENABLE_MODULES = YES;
				CLANG_ENABLE_OBJC_ARC = YES;
				CLANG_ENABLE_OBJC_WEAK = YES;
				CLANG_WARN_BLOCK_CAPTURE_AUTORELEASING = YES;
				CLANG_WARN_BOOL_CONVERSION = YES;
				CLANG_WARN_COMMA = YES;
				CLANG_WARN_CONSTANT_CONVERSION = YES;
				CLANG_WARN_DEPRECATED_OBJC_IMPLEMENTATIONS = YES;
				CLANG_WARN_DIRECT_OBJC_ISA_USAGE = YES_ERROR;
				CLANG_WARN_DOCUMENTATION_COMMENTS = YES;
				CLANG_WARN_EMPTY_BODY = YES;
				CLANG_WARN_ENUM_CONVERSION = YES;
				CLANG_WARN_INFINITE_RECURSION = YES;
				CLANG_WARN_INT_CONVERSION = YES;
				CLANG_WARN_NON_LITERAL_NULL_CONVERSION = YES;
				CLANG_WARN_OBJC_IMPLICIT_RETAIN_SELF = YES;
				CLANG_WARN_OBJC_LITERAL_CONVERSION = YES;
				CLANG_WARN_OBJC_ROOT_CLASS = YES_ERROR;
				CLANG_WARN_QUOTED_INCLUDE_IN_FRAMEWORK_HEADER = YES;
				CLANG_WARN_RANGE_LOOP_ANALYSIS = YES;
				CLANG_WARN_STRICT_PROTOTYPES = YES;
				CLANG_WARN_SUSPICIOUS_MOVE = YES;
				CLANG_WARN_UNGUARDED_AVAILABILITY = YES_AGGRESSIVE;
				CLANG_WARN_UNREACHABLE_CODE = YES;
				CLANG_WARN__DUPLICATE_METHOD_MATCH = YES;
				COPY_PHASE_STRIP = NO;
				DEBUG_INFORMATION_FORMAT = "dwarf-with-dsym";
				ENABLE_NS_ASSERTIONS = NO;
				ENABLE_STRICT_OBJC_MSGSEND = YES;
				GCC_C_LANGUAGE_STANDARD = gnu11;
				GCC_NO_COMMON_BLOCKS = YES;
				GCC_WARN_64_TO_32_BIT_CONVERSION = YES;
				GCC_WARN_ABOUT_RETURN_TYPE = YES_ERROR;
				GCC_WARN_UNDECLARED_SELECTOR = YES;
				GCC_WARN_UNINITIALIZED_AUTOS = YES_AGGRESSIVE;
				GCC_WARN_UNUSED_FUNCTION = YES;
				GCC_WARN_UNUSED_VARIABLE = YES;
				IPHONEOS_DEPLOYMENT_TARGET = 14.5;
				MTL_ENABLE_DEBUG_INFO = NO;
				MTL_FAST_MATH = YES;
				SDKROOT = iphoneos;
				SWIFT_COMPILATION_MODE = wholemodule;
				SWIFT_OPTIMIZATION_LEVEL = "-O";
				VALIDATE_PRODUCT = YES;
			};
			name = Release;
		};
		D0ED4B0026E68FFB006257EA /* Debug */ = {
			isa = XCBuildConfiguration;
			buildSettings = {
				ASSETCATALOG_COMPILER_APPICON_NAME = AppIcon;
				ASSETCATALOG_COMPILER_GLOBAL_ACCENT_COLOR_NAME = AccentColor;
				CLANG_ENABLE_MODULES = YES;
				CODE_SIGN_STYLE = Automatic;
				DEVELOPMENT_TEAM = F69WJ27LN4;
				INFOPLIST_FILE = SinkOrSwim/Info.plist;
				LD_RUNPATH_SEARCH_PATHS = (
					"$(inherited)",
					"@executable_path/Frameworks",
				);
				PRODUCT_BUNDLE_IDENTIFIER = SMU.SinkOrSwim;
				PRODUCT_NAME = "$(TARGET_NAME)";
				SWIFT_OBJC_BRIDGING_HEADER = "SinkOrSwim/SinkOrSwim-Bridging-Header.h";
				SWIFT_OPTIMIZATION_LEVEL = "-Onone";
				SWIFT_VERSION = 5.0;
				TARGETED_DEVICE_FAMILY = "1,2";
			};
			name = Debug;
		};
		D0ED4B0126E68FFB006257EA /* Release */ = {
			isa = XCBuildConfiguration;
			buildSettings = {
				ASSETCATALOG_COMPILER_APPICON_NAME = AppIcon;
				ASSETCATALOG_COMPILER_GLOBAL_ACCENT_COLOR_NAME = AccentColor;
				CLANG_ENABLE_MODULES = YES;
				CODE_SIGN_STYLE = Automatic;
				DEVELOPMENT_TEAM = F69WJ27LN4;
				INFOPLIST_FILE = SinkOrSwim/Info.plist;
				LD_RUNPATH_SEARCH_PATHS = (
					"$(inherited)",
					"@executable_path/Frameworks",
				);
				PRODUCT_BUNDLE_IDENTIFIER = SMU.SinkOrSwim;
				PRODUCT_NAME = "$(TARGET_NAME)";
				SWIFT_OBJC_BRIDGING_HEADER = "SinkOrSwim/SinkOrSwim-Bridging-Header.h";
				SWIFT_VERSION = 5.0;
				TARGETED_DEVICE_FAMILY = "1,2";
			};
			name = Release;
		};
/* End XCBuildConfiguration section */

/* Begin XCConfigurationList section */
		D0ED4AE626E68FF8006257EA /* Build configuration list for PBXProject "SinkOrSwim" */ = {
			isa = XCConfigurationList;
			buildConfigurations = (
				D0ED4AFD26E68FFB006257EA /* Debug */,
				D0ED4AFE26E68FFB006257EA /* Release */,
			);
			defaultConfigurationIsVisible = 0;
			defaultConfigurationName = Release;
		};
		D0ED4AFF26E68FFB006257EA /* Build configuration list for PBXNativeTarget "SinkOrSwim" */ = {
			isa = XCConfigurationList;
			buildConfigurations = (
				D0ED4B0026E68FFB006257EA /* Debug */,
				D0ED4B0126E68FFB006257EA /* Release */,
			);
			defaultConfigurationIsVisible = 0;
			defaultConfigurationName = Release;
		};
/* End XCConfigurationList section */
	};
	rootObject = D0ED4AE326E68FF8006257EA /* Project object */;
}
